
Microsoft Visual Studio Solution File, Format Version 12.00
# Visual Studio Version 17
VisualStudioVersion = 17.12.35527.113
MinimumVisualStudioVersion = 10.0.40219.1
Project("{FAE04EC0-301F-11D3-BF4B-00C04F79EFBC}") = "Server Statistics Collection Service", "Server Statistics Collection Service\Server Statistics Collection Service.csproj", "{FD05836D-124A-426A-962D-4BF0F10C1C43}"
EndProject
Project("{FAE04EC0-301F-11D3-BF4B-00C04F79EFBC}") = "MessageProcessingAnomalyDetection", "MessageProcessingAnomalyDetection\MessageProcessingAnomalyDetection.csproj", "{2084A638-8226-49D1-A37D-D7EBA03997E8}"
EndProject
Project("{FAE04EC0-301F-11D3-BF4B-00C04F79EFBC}") = "SignalR Event Consumer Service", "SignalR Event Consumer Service\SignalR Event Consumer Service.csproj", "{6DD0D932-95D7-4C51-8A46-08F1FDB50149}"
EndProject
Project("{FAE04EC0-301F-11D3-BF4B-00C04F79EFBC}") = "RabbitMQ Client Library", "RabbitMQ Client Library\RabbitMQ Client Library.csproj", "{B7D82EB3-2B78-47DD-ADBB-1707CA63643A}"
EndProject
Global
	GlobalSection(SolutionConfigurationPlatforms) = preSolution
		Debug|Any CPU = Debug|Any CPU
		Release|Any CPU = Release|Any CPU
	EndGlobalSection
	GlobalSection(ProjectConfigurationPlatforms) = postSolution
		{FD05836D-124A-426A-962D-4BF0F10C1C43}.Debug|Any CPU.ActiveCfg = Debug|Any CPU
		{FD05836D-124A-426A-962D-4BF0F10C1C43}.Debug|Any CPU.Build.0 = Debug|Any CPU
		{FD05836D-124A-426A-962D-4BF0F10C1C43}.Release|Any CPU.ActiveCfg = Release|Any CPU
		{FD05836D-124A-426A-962D-4BF0F10C1C43}.Release|Any CPU.Build.0 = Release|Any CPU
		{2084A638-8226-49D1-A37D-D7EBA03997E8}.Debug|Any CPU.ActiveCfg = Debug|Any CPU
		{2084A638-8226-49D1-A37D-D7EBA03997E8}.Debug|Any CPU.Build.0 = Debug|Any CPU
		{2084A638-8226-49D1-A37D-D7EBA03997E8}.Release|Any CPU.ActiveCfg = Release|Any CPU
		{2084A638-8226-49D1-A37D-D7EBA03997E8}.Release|Any CPU.Build.0 = Release|Any CPU
		{6DD0D932-95D7-4C51-8A46-08F1FDB50149}.Debug|Any CPU.ActiveCfg = Debug|Any CPU
		{6DD0D932-95D7-4C51-8A46-08F1FDB50149}.Debug|Any CPU.Build.0 = Debug|Any CPU
		{6DD0D932-95D7-4C51-8A46-08F1FDB50149}.Release|Any CPU.ActiveCfg = Release|Any CPU
		{6DD0D932-95D7-4C51-8A46-08F1FDB50149}.Release|Any CPU.Build.0 = Release|Any CPU
		{B7D82EB3-2B78-47DD-ADBB-1707CA63643A}.Debug|Any CPU.ActiveCfg = Debug|Any CPU
		{B7D82EB3-2B78-47DD-ADBB-1707CA63643A}.Debug|Any CPU.Build.0 = Debug|Any CPU
		{B7D82EB3-2B78-47DD-ADBB-1707CA63643A}.Release|Any CPU.ActiveCfg = Release|Any CPU
		{B7D82EB3-2B78-47DD-ADBB-1707CA63643A}.Release|Any CPU.Build.0 = Release|Any CPU
	EndGlobalSection
	GlobalSection(SolutionProperties) = preSolution
		HideSolutionNode = FALSE
	EndGlobalSection
EndGlobal
